<Solution>
  <Folder Name="/01/">
    <Project Path="Zerionix.Entrypoint/Zerionix.Entrypoint.csproj" />
  </Folder>
  <Folder Name="/02/">
    <Project Path="Zerionix.Service/Zerionix.Service.csproj" Id="553734fb-a437-4949-bc98-5ba752f2d74f" />
  </Folder>
  <Folder Name="/03/">
    <Project Path="Zerionix.Parser/Zerionix.Parser.csproj" />
  </Folder>
  <Folder Name="/04/">
    <Project Path="Zerionix.GlobalStore/Zerionix.GlobalStore.csproj" Id="f1d94ae8-bca0-47b4-9053-f3be25ed5c4a" />
  </Folder>
  <Folder Name="/98/">
    <Project Path="Zerionix.Sample/Zerionix.Sample.csproj" />
  </Folder>
  <Folder Name="/99/">
    <Project Path="Zerionix.Domain/Zerionix.Domain.csproj" />
  </Folder>
</Solution>
